
Microsoft Visual Studio Solution File, Format Version 12.00
# Visual Studio Version 17
VisualStudioVersion = 17.5.33414.496
MinimumVisualStudioVersion = 10.0.40219.1
Project("{FAE04EC0-301F-11D3-BF4B-00C04F79EFBC}") = "CalendarProblem", "CalendarProblem\CalendarProblem.csproj", "{C011A294-154F-4895-8DBB-BF74908892C7}"
EndProject
Global
	GlobalSection(SolutionConfigurationPlatforms) = preSolution
		Debug|Any CPU = Debug|Any CPU
		Release|Any CPU = Release|Any CPU
	EndGlobalSection
	GlobalSection(ProjectConfigurationPlatforms) = postSolution
		{C011A294-154F-4895-8DBB-BF74908892C7}.Debug|Any CPU.ActiveCfg = Debug|Any CPU
		{C011A294-154F-4895-8DBB-BF74908892C7}.Debug|Any CPU.Build.0 = Debug|Any CPU
		{C011A294-154F-4895-8DBB-BF74908892C7}.Release|Any CPU.ActiveCfg = Release|Any CPU
		{C011A294-154F-4895-8DBB-BF74908892C7}.Release|Any CPU.Build.0 = Release|Any CPU
	EndGlobalSection
	GlobalSection(SolutionProperties) = preSolution
		HideSolutionNode = FALSE
	EndGlobalSection
	GlobalSection(ExtensibilityGlobals) = postSolution
		SolutionGuid = {FD877DE7-3692-45C8-9163-9DFE60AE2FE7}
	EndGlobalSection
EndGlobal
